// !$*UTF8*$!
{
	archiveVersion = 1;
	classes = {
	};
	objectVersion = 51;
	objects = {

/* Begin PBXBuildFile section */
		445540E2C59F7CB552E2AA29 /* Pods_book.framework in Frameworks */ = {isa = PBXBuildFile; fileRef = 294DB67DEC3E1336573DAFDD /* Pods_book.framework */; };
		94531AD82624F8E100437DB0 /* SecurityAPI.swift in Sources */ = {isa = PBXBuildFile; fileRef = 94531AD72624F8E100437DB0 /* SecurityAPI.swift */; };
		94BE6793262280FD000B708E /* AppDelegate.swift in Sources */ = {isa = PBXBuildFile; fileRef = 94BE6792262280FD000B708E /* AppDelegate.swift */; };
		94BE6795262280FD000B708E /* SceneDelegate.swift in Sources */ = {isa = PBXBuildFile; fileRef = 94BE6794262280FD000B708E /* SceneDelegate.swift */; };
		94BE6797262280FD000B708E /* ViewController.swift in Sources */ = {isa = PBXBuildFile; fileRef = 94BE6796262280FD000B708E /* ViewController.swift */; };
		94BE679A262280FE000B708E /* Main.storyboard in Resources */ = {isa = PBXBuildFile; fileRef = 94BE6798262280FE000B708E /* Main.storyboard */; };
		94BE679C26228100000B708E /* Assets.xcassets in Resources */ = {isa = PBXBuildFile; fileRef = 94BE679B26228100000B708E /* Assets.xcassets */; };
		94BE679F26228100000B708E /* LaunchScreen.storyboard in Resources */ = {isa = PBXBuildFile; fileRef = 94BE679D26228100000B708E /* LaunchScreen.storyboard */; };
		94F97205262CED8E00AB65D5 /* HomeViewController.swift in Sources */ = {isa = PBXBuildFile; fileRef = 94F97204262CED8E00AB65D5 /* HomeViewController.swift */; };
		94F97209262CFD4900AB65D5 /* RegisterViewController.swift in Sources */ = {isa = PBXBuildFile; fileRef = 94F97208262CFD4900AB65D5 /* RegisterViewController.swift */; };
		94F9720C262CFD8B00AB65D5 /* UserAPI.swift in Sources */ = {isa = PBXBuildFile; fileRef = 94F9720B262CFD8B00AB65D5 /* UserAPI.swift */; };
		94F97210262D78C500AB65D5 /* BooksCollectionViewCell.swift in Sources */ = {isa = PBXBuildFile; fileRef = 94F9720F262D78C500AB65D5 /* BooksCollectionViewCell.swift */; };
/* End PBXBuildFile section */

/* Begin PBXFileReference section */
		294DB67DEC3E1336573DAFDD /* Pods_book.framework */ = {isa = PBXFileReference; explicitFileType = wrapper.framework; includeInIndex = 0; path = Pods_book.framework; sourceTree = BUILT_PRODUCTS_DIR; };
		631D2391A108D800D967D3AF /* Pods-book.debug.xcconfig */ = {isa = PBXFileReference; includeInIndex = 1; lastKnownFileType = text.xcconfig; name = "Pods-book.debug.xcconfig"; path = "Target Support Files/Pods-book/Pods-book.debug.xcconfig"; sourceTree = "<group>"; };
		94531AD72624F8E100437DB0 /* SecurityAPI.swift */ = {isa = PBXFileReference; lastKnownFileType = sourcecode.swift; path = SecurityAPI.swift; sourceTree = "<group>"; };
		94BE678F262280FD000B708E /* book.app */ = {isa = PBXFileReference; explicitFileType = wrapper.application; includeInIndex = 0; path = book.app; sourceTree = BUILT_PRODUCTS_DIR; };
		94BE6792262280FD000B708E /* AppDelegate.swift */ = {isa = PBXFileReference; lastKnownFileType = sourcecode.swift; path = AppDelegate.swift; sourceTree = "<group>"; };
		94BE6794262280FD000B708E /* SceneDelegate.swift */ = {isa = PBXFileReference; lastKnownFileType = sourcecode.swift; path = SceneDelegate.swift; sourceTree = "<group>"; };
		94BE6796262280FD000B708E /* ViewController.swift */ = {isa = PBXFileReference; lastKnownFileType = sourcecode.swift; path = ViewController.swift; sourceTree = "<group>"; };
		94BE6799262280FE000B708E /* Base */ = {isa = PBXFileReference; lastKnownFileType = file.storyboard; name = Base; path = Base.lproj/Main.storyboard; sourceTree = "<group>"; };
		94BE679B26228100000B708E /* Assets.xcassets */ = {isa = PBXFileReference; lastKnownFileType = folder.assetcatalog; path = Assets.xcassets; sourceTree = "<group>"; };
		94BE679E26228100000B708E /* Base */ = {isa = PBXFileReference; lastKnownFileType = file.storyboard; name = Base; path = Base.lproj/LaunchScreen.storyboard; sourceTree = "<group>"; };
		94BE67A026228100000B708E /* Info.plist */ = {isa = PBXFileReference; lastKnownFileType = text.plist.xml; path = Info.plist; sourceTree = "<group>"; };
		94F97204262CED8E00AB65D5 /* HomeViewController.swift */ = {isa = PBXFileReference; lastKnownFileType = sourcecode.swift; path = HomeViewController.swift; sourceTree = "<group>"; };
		94F97208262CFD4900AB65D5 /* RegisterViewController.swift */ = {isa = PBXFileReference; lastKnownFileType = sourcecode.swift; path = RegisterViewController.swift; sourceTree = "<group>"; };
		94F9720B262CFD8B00AB65D5 /* UserAPI.swift */ = {isa = PBXFileReference; lastKnownFileType = sourcecode.swift; path = UserAPI.swift; sourceTree = "<group>"; };
		94F9720F262D78C500AB65D5 /* BooksCollectionViewCell.swift */ = {isa = PBXFileReference; lastKnownFileType = sourcecode.swift; path = BooksCollectionViewCell.swift; sourceTree = "<group>"; };
		D5A449972E56A16D2808495F /* Pods-book.release.xcconfig */ = {isa = PBXFileReference; includeInIndex = 1; lastKnownFileType = text.xcconfig; name = "Pods-book.release.xcconfig"; path = "Target Support Files/Pods-book/Pods-book.release.xcconfig"; sourceTree = "<group>"; };
/* End PBXFileReference section */

/* Begin PBXFrameworksBuildPhase section */
		94BE678C262280FD000B708E /* Frameworks */ = {
			isa = PBXFrameworksBuildPhase;
			buildActionMask = 2147483647;
			files = (
				445540E2C59F7CB552E2AA29 /* Pods_book.framework in Frameworks */,
			);
			runOnlyForDeploymentPostprocessing = 0;
		};
/* End PBXFrameworksBuildPhase section */

/* Begin PBXGroup section */
		3B67A412A0C9EABA4164479B /* Frameworks */ = {
			isa = PBXGroup;
			children = (
				294DB67DEC3E1336573DAFDD /* Pods_book.framework */,
			);
			name = Frameworks;
			sourceTree = "<group>";
		};
		427FDF571171A3FACB97317B /* Pods */ = {
			isa = PBXGroup;
			children = (
				631D2391A108D800D967D3AF /* Pods-book.debug.xcconfig */,
				D5A449972E56A16D2808495F /* Pods-book.release.xcconfig */,
			);
			path = Pods;
			sourceTree = "<group>";
		};
		94531AD62624F7F600437DB0 /* Model */ = {
			isa = PBXGroup;
			children = (
				94531AD72624F8E100437DB0 /* SecurityAPI.swift */,
				94F9720B262CFD8B00AB65D5 /* UserAPI.swift */,
			);
			path = Model;
			sourceTree = "<group>";
		};
		94BE6786262280FD000B708E = {
			isa = PBXGroup;
			children = (
				94BE6791262280FD000B708E /* book */,
				94BE6790262280FD000B708E /* Products */,
				427FDF571171A3FACB97317B /* Pods */,
				3B67A412A0C9EABA4164479B /* Frameworks */,
			);
			sourceTree = "<group>";
		};
		94BE6790262280FD000B708E /* Products */ = {
			isa = PBXGroup;
			children = (
				94BE678F262280FD000B708E /* book.app */,
			);
			name = Products;
			sourceTree = "<group>";
		};
		94BE6791262280FD000B708E /* book */ = {
			isa = PBXGroup;
			children = (
				94F9720E262D788500AB65D5 /* View */,
				94F971FB262CBE3000AB65D5 /* Controller */,
				94531AD62624F7F600437DB0 /* Model */,
				94BE6792262280FD000B708E /* AppDelegate.swift */,
				94BE6794262280FD000B708E /* SceneDelegate.swift */,
				94BE6798262280FE000B708E /* Main.storyboard */,
				94BE679B26228100000B708E /* Assets.xcassets */,
				94BE679D26228100000B708E /* LaunchScreen.storyboard */,
				94BE67A026228100000B708E /* Info.plist */,
			);
			path = book;
			sourceTree = "<group>";
		};
		94F971FB262CBE3000AB65D5 /* Controller */ = {
			isa = PBXGroup;
			children = (
				94BE6796262280FD000B708E /* ViewController.swift */,
				94F97204262CED8E00AB65D5 /* HomeViewController.swift */,
				94F97208262CFD4900AB65D5 /* RegisterViewController.swift */,
			);
			path = Controller;
			sourceTree = "<group>";
		};
		94F9720E262D788500AB65D5 /* View */ = {
			isa = PBXGroup;
			children = (
				94F9720F262D78C500AB65D5 /* BooksCollectionViewCell.swift */,
			);
			path = View;
			sourceTree = "<group>";
		};
/* End PBXGroup section */

/* Begin PBXNativeTarget section */
		94BE678E262280FD000B708E /* book */ = {
			isa = PBXNativeTarget;
			buildConfigurationList = 94BE67A326228100000B708E /* Build configuration list for PBXNativeTarget "book" */;
			buildPhases = (
				25C17CBE0C60801729B050FF /* [CP] Check Pods Manifest.lock */,
				94BE678B262280FD000B708E /* Sources */,
				94BE678C262280FD000B708E /* Frameworks */,
				94BE678D262280FD000B708E /* Resources */,
				4706E0C1BDA12864183BD0F4 /* [CP] Embed Pods Frameworks */,
			);
			buildRules = (
			);
			dependencies = (
			);
			name = book;
			productName = book;
			productReference = 94BE678F262280FD000B708E /* book.app */;
			productType = "com.apple.product-type.application";
		};
/* End PBXNativeTarget section */

/* Begin PBXProject section */
		94BE6787262280FD000B708E /* Project object */ = {
			isa = PBXProject;
			attributes = {
				LastSwiftUpdateCheck = 1240;
				LastUpgradeCheck = 1240;
				TargetAttributes = {
					94BE678E262280FD000B708E = {
						CreatedOnToolsVersion = 12.4;
					};
				};
			};
			buildConfigurationList = 94BE678A262280FD000B708E /* Build configuration list for PBXProject "book" */;
			compatibilityVersion = "Xcode 9.3";
			developmentRegion = en;
			hasScannedForEncodings = 0;
			knownRegions = (
				en,
				Base,
			);
			mainGroup = 94BE6786262280FD000B708E;
			productRefGroup = 94BE6790262280FD000B708E /* Products */;
			projectDirPath = "";
			projectRoot = "";
			targets = (
				94BE678E262280FD000B708E /* book */,
			);
		};
/* End PBXProject section */

/* Begin PBXResourcesBuildPhase section */
		94BE678D262280FD000B708E /* Resources */ = {
			isa = PBXResourcesBuildPhase;
			buildActionMask = 2147483647;
			files = (
				94BE679F26228100000B708E /* LaunchScreen.storyboard in Resources */,
				94BE679C26228100000B708E /* Assets.xcassets in Resources */,
				94BE679A262280FE000B708E /* Main.storyboard in Resources */,
			);
			runOnlyForDeploymentPostprocessing = 0;
		};
/* End PBXResourcesBuildPhase section */

/* Begin PBXShellScriptBuildPhase section */
		25C17CBE0C60801729B050FF /* [CP] Check Pods Manifest.lock */ = {
			isa = PBXShellScriptBuildPhase;
			buildActionMask = 2147483647;
			files = (
			);
			inputFileListPaths = (
			);
			inputPaths = (
				"${PODS_PODFILE_DIR_PATH}/Podfile.lock",
				"${PODS_ROOT}/Manifest.lock",
			);
			name = "[CP] Check Pods Manifest.lock";
			outputFileListPaths = (
			);
			outputPaths = (
				"$(DERIVED_FILE_DIR)/Pods-book-checkManifestLockResult.txt",
			);
			runOnlyForDeploymentPostprocessing = 0;
			shellPath = /bin/sh;
			shellScript = "diff \"${PODS_PODFILE_DIR_PATH}/Podfile.lock\" \"${PODS_ROOT}/Manifest.lock\" > /dev/null\nif [ $? != 0 ] ; then\n    # print error to STDERR\n    echo \"error: The sandbox is not in sync with the Podfile.lock. Run 'pod install' or update your CocoaPods installation.\" >&2\n    exit 1\nfi\n# This output is used by Xcode 'outputs' to avoid re-running this script phase.\necho \"SUCCESS\" > \"${SCRIPT_OUTPUT_FILE_0}\"\n";
			showEnvVarsInLog = 0;
		};
		4706E0C1BDA12864183BD0F4 /* [CP] Embed Pods Frameworks */ = {
			isa = PBXShellScriptBuildPhase;
			buildActionMask = 2147483647;
			files = (
			);
			inputFileListPaths = (
				"${PODS_ROOT}/Target Support Files/Pods-book/Pods-book-frameworks-${CONFIGURATION}-input-files.xcfilelist",
			);
			name = "[CP] Embed Pods Frameworks";
			outputFileListPaths = (
				"${PODS_ROOT}/Target Support Files/Pods-book/Pods-book-frameworks-${CONFIGURATION}-output-files.xcfilelist",
			);
			runOnlyForDeploymentPostprocessing = 0;
			shellPath = /bin/sh;
			shellScript = "\"${PODS_ROOT}/Target Support Files/Pods-book/Pods-book-frameworks.sh\"\n";
			showEnvVarsInLog = 0;
		};
/* End PBXShellScriptBuildPhase section */

/* Begin PBXSourcesBuildPhase section */
		94BE678B262280FD000B708E /* Sources */ = {
			isa = PBXSourcesBuildPhase;
			buildActionMask = 2147483647;
			files = (
				94BE6797262280FD000B708E /* ViewController.swift in Sources */,
				94BE6793262280FD000B708E /* AppDelegate.swift in Sources */,
				94531AD82624F8E100437DB0 /* SecurityAPI.swift in Sources */,
				94F97209262CFD4900AB65D5 /* RegisterViewController.swift in Sources */,
				94BE6795262280FD000B708E /* SceneDelegate.swift in Sources */,
				94F97210262D78C500AB65D5 /* BooksCollectionViewCell.swift in Sources */,
				94F97205262CED8E00AB65D5 /* HomeViewController.swift in Sources */,
				94F9720C262CFD8B00AB65D5 /* UserAPI.swift in Sources */,
			);
			runOnlyForDeploymentPostprocessing = 0;
		};
/* End PBXSourcesBuildPhase section */

/* Begin PBXVariantGroup section */
		94BE6798262280FE000B708E /* Main.storyboard */ = {
			isa = PBXVariantGroup;
			children = (
				94BE6799262280FE000B708E /* Base */,
			);
			name = Main.storyboard;
			sourceTree = "<group>";
		};
		94BE679D26228100000B708E /* LaunchScreen.storyboard */ = {
			isa = PBXVariantGroup;
			children = (
				94BE679E26228100000B708E /* Base */,
			);
			name = LaunchScreen.storyboard;
			sourceTree = "<group>";
		};
/* End PBXVariantGroup section */

/* Begin XCBuildConfiguration section */
		94BE67A126228100000B708E /* Debug */ = {
			isa = XCBuildConfiguration;
			buildSettings = {
				ALWAYS_SEARCH_USER_PATHS = NO;
				CLANG_ANALYZER_NONNULL = YES;
				CLANG_ANALYZER_NUMBER_OBJECT_CONVERSION = YES_AGGRESSIVE;
				CLANG_CXX_LANGUAGE_STANDARD = "gnu++14";
				CLANG_CXX_LIBRARY = "libc++";
				CLANG_ENABLE_MODULES = YES;
				CLANG_ENABLE_OBJC_ARC = YES;
				CLANG_ENABLE_OBJC_WEAK = YES;
				CLANG_WARN_BLOCK_CAPTURE_AUTORELEASING = YES;
				CLANG_WARN_BOOL_CONVERSION = YES;
				CLANG_WARN_COMMA = YES;
				CLANG_WARN_CONSTANT_CONVERSION = YES;
				CLANG_WARN_DEPRECATED_OBJC_IMPLEMENTATIONS = YES;
				CLANG_WARN_DIRECT_OBJC_ISA_USAGE = YES_ERROR;
				CLANG_WARN_DOCUMENTATION_COMMENTS = YES;
				CLANG_WARN_EMPTY_BODY = YES;
				CLANG_WARN_ENUM_CONVERSION = YES;
				CLANG_WARN_INFINITE_RECURSION = YES;
				CLANG_WARN_INT_CONVERSION = YES;
				CLANG_WARN_NON_LITERAL_NULL_CONVERSION = YES;
				CLANG_WARN_OBJC_IMPLICIT_RETAIN_SELF = YES;
				CLANG_WARN_OBJC_LITERAL_CONVERSION = YES;
				CLANG_WARN_OBJC_ROOT_CLASS = YES_ERROR;
				CLANG_WARN_QUOTED_INCLUDE_IN_FRAMEWORK_HEADER = YES;
				CLANG_WARN_RANGE_LOOP_ANALYSIS = YES;
				CLANG_WARN_STRICT_PROTOTYPES = YES;
				CLANG_WARN_SUSPICIOUS_MOVE = YES;
				CLANG_WARN_UNGUARDED_AVAILABILITY = YES_AGGRESSIVE;
				CLANG_WARN_UNREACHABLE_CODE = YES;
				CLANG_WARN__DUPLICATE_METHOD_MATCH = YES;
				COPY_PHASE_STRIP = NO;
				DEBUG_INFORMATION_FORMAT = dwarf;
				ENABLE_STRICT_OBJC_MSGSEND = YES;
				ENABLE_TESTABILITY = YES;
				GCC_C_LANGUAGE_STANDARD = gnu11;
				GCC_DYNAMIC_NO_PIC = NO;
				GCC_NO_COMMON_BLOCKS = YES;
				GCC_OPTIMIZATION_LEVEL = 0;
				GCC_PREPROCESSOR_DEFINITIONS = (
					"DEBUG=1",
					"$(inherited)",
				);
				GCC_WARN_64_TO_32_BIT_CONVERSION = YES;
				GCC_WARN_ABOUT_RETURN_TYPE = YES_ERROR;
				GCC_WARN_UNDECLARED_SELECTOR = YES;
				GCC_WARN_UNINITIALIZED_AUTOS = YES_AGGRESSIVE;
				GCC_WARN_UNUSED_FUNCTION = YES;
				GCC_WARN_UNUSED_VARIABLE = YES;
				IPHONEOS_DEPLOYMENT_TARGET = 14.4;
				MTL_ENABLE_DEBUG_INFO = INCLUDE_SOURCE;
				MTL_FAST_MATH = YES;
				ONLY_ACTIVE_ARCH = YES;
				SDKROOT = iphoneos;
				SWIFT_ACTIVE_COMPILATION_CONDITIONS = DEBUG;
				SWIFT_OPTIMIZATION_LEVEL = "-Onone";
			};
			name = Debug;
		};
		94BE67A226228100000B708E /* Release */ = {
			isa = XCBuildConfiguration;
			buildSettings = {
				ALWAYS_SEARCH_USER_PATHS = NO;
				CLANG_ANALYZER_NONNULL = YES;
				CLANG_ANALYZER_NUMBER_OBJECT_CONVERSION = YES_AGGRESSIVE;
				CLANG_CXX_LANGUAGE_STANDARD = "gnu++14";
				CLANG_CXX_LIBRARY = "libc++";
				CLANG_ENABLE_MODULES = YES;
				CLANG_ENABLE_OBJC_ARC = YES;
				CLANG_ENABLE_OBJC_WEAK = YES;
				CLANG_WARN_BLOCK_CAPTURE_AUTORELEASING = YES;
				CLANG_WARN_BOOL_CONVERSION = YES;
				CLANG_WARN_COMMA = YES;
				CLANG_WARN_CONSTANT_CONVERSION = YES;
				CLANG_WARN_DEPRECATED_OBJC_IMPLEMENTATIONS = YES;
				CLANG_WARN_DIRECT_OBJC_ISA_USAGE = YES_ERROR;
				CLANG_WARN_DOCUMENTATION_COMMENTS = YES;
				CLANG_WARN_EMPTY_BODY = YES;
				CLANG_WARN_ENUM_CONVERSION = YES;
				CLANG_WARN_INFINITE_RECURSION = YES;
				CLANG_WARN_INT_CONVERSION = YES;
				CLANG_WARN_NON_LITERAL_NULL_CONVERSION = YES;
				CLANG_WARN_OBJC_IMPLICIT_RETAIN_SELF = YES;
				CLANG_WARN_OBJC_LITERAL_CONVERSION = YES;
				CLANG_WARN_OBJC_ROOT_CLASS = YES_ERROR;
				CLANG_WARN_QUOTED_INCLUDE_IN_FRAMEWORK_HEADER = YES;
				CLANG_WARN_RANGE_LOOP_ANALYSIS = YES;
				CLANG_WARN_STRICT_PROTOTYPES = YES;
				CLANG_WARN_SUSPICIOUS_MOVE = YES;
				CLANG_WARN_UNGUARDED_AVAILABILITY = YES_AGGRESSIVE;
				CLANG_WARN_UNREACHABLE_CODE = YES;
				CLANG_WARN__DUPLICATE_METHOD_MATCH = YES;
				COPY_PHASE_STRIP = NO;
				DEBUG_INFORMATION_FORMAT = "dwarf-with-dsym";
				ENABLE_NS_ASSERTIONS = NO;
				ENABLE_STRICT_OBJC_MSGSEND = YES;
				GCC_C_LANGUAGE_STANDARD = gnu11;
				GCC_NO_COMMON_BLOCKS = YES;
				GCC_WARN_64_TO_32_BIT_CONVERSION = YES;
				GCC_WARN_ABOUT_RETURN_TYPE = YES_ERROR;
				GCC_WARN_UNDECLARED_SELECTOR = YES;
				GCC_WARN_UNINITIALIZED_AUTOS = YES_AGGRESSIVE;
				GCC_WARN_UNUSED_FUNCTION = YES;
				GCC_WARN_UNUSED_VARIABLE = YES;
				IPHONEOS_DEPLOYMENT_TARGET = 14.4;
				MTL_ENABLE_DEBUG_INFO = NO;
				MTL_FAST_MATH = YES;
				SDKROOT = iphoneos;
				SWIFT_COMPILATION_MODE = wholemodule;
				SWIFT_OPTIMIZATION_LEVEL = "-O";
				VALIDATE_PRODUCT = YES;
			};
			name = Release;
		};
		94BE67A426228100000B708E /* Debug */ = {
			isa = XCBuildConfiguration;
			baseConfigurationReference = 631D2391A108D800D967D3AF /* Pods-book.debug.xcconfig */;
			buildSettings = {
				ASSETCATALOG_COMPILER_APPICON_NAME = AppIcon;
				ASSETCATALOG_COMPILER_GLOBAL_ACCENT_COLOR_NAME = AccentColor;
				CODE_SIGN_STYLE = Automatic;
				INFOPLIST_FILE = book/Info.plist;
				LD_RUNPATH_SEARCH_PATHS = (
					"$(inherited)",
					"@executable_path/Frameworks",
				);
				PRODUCT_BUNDLE_IDENTIFIER = br.com.solutis.book;
				PRODUCT_NAME = "$(TARGET_NAME)";
				SWIFT_VERSION = 5.0;
				TARGETED_DEVICE_FAMILY = "1,2";
			};
			name = Debug;
		};
		94BE67A526228100000B708E /* Release */ = {
			isa = XCBuildConfiguration;
			baseConfigurationReference = D5A449972E56A16D2808495F /* Pods-book.release.xcconfig */;
			buildSettings = {
				ASSETCATALOG_COMPILER_APPICON_NAME = AppIcon;
				ASSETCATALOG_COMPILER_GLOBAL_ACCENT_COLOR_NAME = AccentColor;
				CODE_SIGN_STYLE = Automatic;
				INFOPLIST_FILE = book/Info.plist;
				LD_RUNPATH_SEARCH_PATHS = (
					"$(inherited)",
					"@executable_path/Frameworks",
				);
				PRODUCT_BUNDLE_IDENTIFIER = br.com.solutis.book;
				PRODUCT_NAME = "$(TARGET_NAME)";
				SWIFT_VERSION = 5.0;
				TARGETED_DEVICE_FAMILY = "1,2";
			};
			name = Release;
		};
/* End XCBuildConfiguration section */

/* Begin XCConfigurationList section */
		94BE678A262280FD000B708E /* Build configuration list for PBXProject "book" */ = {
			isa = XCConfigurationList;
			buildConfigurations = (
				94BE67A126228100000B708E /* Debug */,
				94BE67A226228100000B708E /* Release */,
			);
			defaultConfigurationIsVisible = 0;
			defaultConfigurationName = Release;
		};
		94BE67A326228100000B708E /* Build configuration list for PBXNativeTarget "book" */ = {
			isa = XCConfigurationList;
			buildConfigurations = (
				94BE67A426228100000B708E /* Debug */,
				94BE67A526228100000B708E /* Release */,
			);
			defaultConfigurationIsVisible = 0;
			defaultConfigurationName = Release;
		};
/* End XCConfigurationList section */
	};
	rootObject = 94BE6787262280FD000B708E /* Project object */;
}
